
Microsoft Visual Studio Solution File, Format Version 12.00
# Visual Studio Version 16
VisualStudioVersion = 16.0.29613.14
MinimumVisualStudioVersion = 10.0.40219.1
Project("{FAE04EC0-301F-11D3-BF4B-00C04F79EFBC}") = "GetFiles", "GetFiles.csproj", "{7A202EA7-88AA-4923-BBB6-BD6FD18BE009}"
EndProject
Global
	GlobalSection(SolutionConfigurationPlatforms) = preSolution
		Debug|Any CPU = Debug|Any CPU
		Release|Any CPU = Release|Any CPU
	EndGlobalSection
	GlobalSection(ProjectConfigurationPlatforms) = postSolution
		{7A202EA7-88AA-4923-BBB6-BD6FD18BE009}.Debug|Any CPU.ActiveCfg = Debug|Any CPU
		{7A202EA7-88AA-4923-BBB6-BD6FD18BE009}.Debug|Any CPU.Build.0 = Debug|Any CPU
		{7A202EA7-88AA-4923-BBB6-BD6FD18BE009}.Release|Any CPU.ActiveCfg = Release|Any CPU
		{7A202EA7-88AA-4923-BBB6-BD6FD18BE009}.Release|Any CPU.Build.0 = Release|Any CPU
	EndGlobalSection
	GlobalSection(SolutionProperties) = preSolution
		HideSolutionNode = FALSE
	EndGlobalSection
	GlobalSection(ExtensibilityGlobals) = postSolution
		SolutionGuid = {471350F5-7709-4F99-A211-0493DE4D36A6}
	EndGlobalSection
EndGlobal
